
Microsoft Visual Studio Solution File, Format Version 12.00
# Visual Studio Version 17
VisualStudioVersion = 17.4.33213.308
MinimumVisualStudioVersion = 10.0.40219.1
Project("{9A19103F-16F7-4668-BE54-9A1E7A4F7556}") = "RocketEshop", "RocketEshop\RocketEshop.csproj", "{44534D82-DED0-4F6B-BF35-D26B94D3BF5C}"
EndProject
Project("{9A19103F-16F7-4668-BE54-9A1E7A4F7556}") = "ApplicationTier.ApplicationCore", "ApplicationTier.ApplicationCore\ApplicationTier.ApplicationCore.csproj", "{AC605C29-290D-42F1-B861-9F6E2A82C52A}"
EndProject
Project("{9A19103F-16F7-4668-BE54-9A1E7A4F7556}") = "ApplicationTier.Infrastructure", "ApplicationTier.Infrastructure\ApplicationTier.Infrastructure.csproj", "{1DDA69CF-2032-49DC-ABED-0F8D76AF1758}"
EndProject
Project("{2150E333-8FDC-42A3-9474-1A3956D46DE8}") = "Solution Items", "Solution Items", "{DA4E3A4F-61B1-43EE-AF97-7CC469C16053}"
EndProject
Global
	GlobalSection(SolutionConfigurationPlatforms) = preSolution
		Debug|Any CPU = Debug|Any CPU
		Release|Any CPU = Release|Any CPU
	EndGlobalSection
	GlobalSection(ProjectConfigurationPlatforms) = postSolution
		{44534D82-DED0-4F6B-BF35-D26B94D3BF5C}.Debug|Any CPU.ActiveCfg = Debug|Any CPU
		{44534D82-DED0-4F6B-BF35-D26B94D3BF5C}.Debug|Any CPU.Build.0 = Debug|Any CPU
		{44534D82-DED0-4F6B-BF35-D26B94D3BF5C}.Release|Any CPU.ActiveCfg = Release|Any CPU
		{44534D82-DED0-4F6B-BF35-D26B94D3BF5C}.Release|Any CPU.Build.0 = Release|Any CPU
		{AC605C29-290D-42F1-B861-9F6E2A82C52A}.Debug|Any CPU.ActiveCfg = Debug|Any CPU
		{AC605C29-290D-42F1-B861-9F6E2A82C52A}.Debug|Any CPU.Build.0 = Debug|Any CPU
		{AC605C29-290D-42F1-B861-9F6E2A82C52A}.Release|Any CPU.ActiveCfg = Release|Any CPU
		{AC605C29-290D-42F1-B861-9F6E2A82C52A}.Release|Any CPU.Build.0 = Release|Any CPU
		{1DDA69CF-2032-49DC-ABED-0F8D76AF1758}.Debug|Any CPU.ActiveCfg = Debug|Any CPU
		{1DDA69CF-2032-49DC-ABED-0F8D76AF1758}.Debug|Any CPU.Build.0 = Debug|Any CPU
		{1DDA69CF-2032-49DC-ABED-0F8D76AF1758}.Release|Any CPU.ActiveCfg = Release|Any CPU
		{1DDA69CF-2032-49DC-ABED-0F8D76AF1758}.Release|Any CPU.Build.0 = Release|Any CPU
	EndGlobalSection
	GlobalSection(SolutionProperties) = preSolution
		HideSolutionNode = FALSE
	EndGlobalSection
	GlobalSection(ExtensibilityGlobals) = postSolution
		SolutionGuid = {B3DFF677-77EC-4BA0-99EB-82919C5CCB36}
	EndGlobalSection
EndGlobal
